
Microsoft Visual Studio Solution File, Format Version 12.00
# Visual Studio Version 17
VisualStudioVersion = 17.0.32112.339
MinimumVisualStudioVersion = 10.0.40219.1
Project("{9A19103F-16F7-4668-BE54-9A1E7A4F7556}") = "TheShop.Web", "TheShop.Web.csproj", "{1CD4CA42-0CB4-449E-A745-E2E2795F8361}"
EndProject
Project("{9A19103F-16F7-4668-BE54-9A1E7A4F7556}") = "TheShop.Api", "..\TheShop.Api\TheShop.Api.csproj", "{B1063AE0-2BD2-4D1A-8820-6226DDED6090}"
EndProject
Project("{9A19103F-16F7-4668-BE54-9A1E7A4F7556}") = "TheShop.Models", "..\TheShop.Models\TheShop.Models.csproj", "{05455D88-AFA2-4087-A18D-549E86BD9A09}"
EndProject
Global
	GlobalSection(SolutionConfigurationPlatforms) = preSolution
		Debug|Any CPU = Debug|Any CPU
		Release|Any CPU = Release|Any CPU
	EndGlobalSection
	GlobalSection(ProjectConfigurationPlatforms) = postSolution
		{1CD4CA42-0CB4-449E-A745-E2E2795F8361}.Debug|Any CPU.ActiveCfg = Debug|Any CPU
		{1CD4CA42-0CB4-449E-A745-E2E2795F8361}.Debug|Any CPU.Build.0 = Debug|Any CPU
		{1CD4CA42-0CB4-449E-A745-E2E2795F8361}.Release|Any CPU.ActiveCfg = Release|Any CPU
		{1CD4CA42-0CB4-449E-A745-E2E2795F8361}.Release|Any CPU.Build.0 = Release|Any CPU
		{B1063AE0-2BD2-4D1A-8820-6226DDED6090}.Debug|Any CPU.ActiveCfg = Debug|Any CPU
		{B1063AE0-2BD2-4D1A-8820-6226DDED6090}.Debug|Any CPU.Build.0 = Debug|Any CPU
		{B1063AE0-2BD2-4D1A-8820-6226DDED6090}.Release|Any CPU.ActiveCfg = Release|Any CPU
		{B1063AE0-2BD2-4D1A-8820-6226DDED6090}.Release|Any CPU.Build.0 = Release|Any CPU
		{05455D88-AFA2-4087-A18D-549E86BD9A09}.Debug|Any CPU.ActiveCfg = Debug|Any CPU
		{05455D88-AFA2-4087-A18D-549E86BD9A09}.Debug|Any CPU.Build.0 = Debug|Any CPU
		{05455D88-AFA2-4087-A18D-549E86BD9A09}.Release|Any CPU.ActiveCfg = Release|Any CPU
		{05455D88-AFA2-4087-A18D-549E86BD9A09}.Release|Any CPU.Build.0 = Release|Any CPU
	EndGlobalSection
	GlobalSection(SolutionProperties) = preSolution
		HideSolutionNode = FALSE
	EndGlobalSection
	GlobalSection(ExtensibilityGlobals) = postSolution
		SolutionGuid = {764B540D-EC51-411C-BCFE-1B8420CC50E6}
	EndGlobalSection
EndGlobal
